{
    "_meta": {
        "hash": {
            "sha256": "66a00d3b8106dca6f8c699836e8b62583a030194d70a7daf2f793c6da63631da"
        },
        "pipfile-spec": 6,
        "requires": {
            "python_full_version": "3.11.6",
            "python_version": "3.11"
        },
        "sources": [
            {
                "name": "pypi",
                "url": "https://pypi.org/simple",
                "verify_ssl": true
            }
        ]
    },
    "default": {},
    "develop": {}
}
